
Microsoft Visual Studio Solution File, Format Version 12.00
# Visual Studio Version 17
VisualStudioVersion = 17.2.32616.157
MinimumVisualStudioVersion = 10.0.40219.1
Project("{FAE04EC0-301F-11D3-BF4B-00C04F79EFBC}") = "Avanade.Estagiario.API", "Avanade.Estagiario.API\Avanade.Estagiario.API.csproj", "{374B1D47-1EE3-404B-901D-411FAF989E4D}"
EndProject
Global
	GlobalSection(SolutionConfigurationPlatforms) = preSolution
		Debug|Any CPU = Debug|Any CPU
		Release|Any CPU = Release|Any CPU
	EndGlobalSection
	GlobalSection(ProjectConfigurationPlatforms) = postSolution
		{374B1D47-1EE3-404B-901D-411FAF989E4D}.Debug|Any CPU.ActiveCfg = Debug|Any CPU
		{374B1D47-1EE3-404B-901D-411FAF989E4D}.Debug|Any CPU.Build.0 = Debug|Any CPU
		{374B1D47-1EE3-404B-901D-411FAF989E4D}.Release|Any CPU.ActiveCfg = Release|Any CPU
		{374B1D47-1EE3-404B-901D-411FAF989E4D}.Release|Any CPU.Build.0 = Release|Any CPU
	EndGlobalSection
	GlobalSection(SolutionProperties) = preSolution
		HideSolutionNode = FALSE
	EndGlobalSection
	GlobalSection(ExtensibilityGlobals) = postSolution
		SolutionGuid = {DF7C37BB-E50C-4875-AC66-D335C5BCFDF3}
	EndGlobalSection
EndGlobal
